PODS:
  - AFNetworking (3.1.0):
    - AFNetworking/NSURLSession (= 3.1.0)
    - AFNetworking/Reachability (= 3.1.0)
    - AFNetworking/Security (= 3.1.0)
    - AFNetworking/Serialization (= 3.1.0)
    - AFNetworking/UIKit (= 3.1.0)
  - AFNetworking/NSURLSession (3.1.0):
    - AFNetworking/Reachability
    - AFNetworking/Security
    - AFNetworking/Serialization
  - AFNetworking/Reachability (3.1.0)
  - AFNetworking/Security (3.1.0)
  - AFNetworking/Serialization (3.1.0)
  - AFNetworking/UIKit (3.1.0):
    - AFNetworking/NSURLSession
  - MJExtension (3.0.13)
  - MJRefresh (3.1.15.1)
  - RongCloudIM/IMKit (2.8.23):
    - RongCloudIM/IMLib
  - RongCloudIM/IMLib (2.8.23)
  - SDCycleScrollView (1.75):
    - SDWebImage (>= 4.0.0)
  - SDWebImage (4.2.2):
    - SDWebImage/Core (= 4.2.2)
  - SDWebImage/Core (4.2.2)
  - SVProgressHUD (2.2.2)
  - UMengUShare/Core (6.4.8):
    - UMengUShare/Network
  - UMengUShare/Network (6.4.8)
  - UMengUShare/Social/QQ (6.4.8):
    - UMengUShare/Core
    - UMengUShare/Social/ReducedQQ
  - UMengUShare/Social/ReducedQQ (6.4.8):
    - UMengUShare/Core
  - UMengUShare/Social/ReducedSina (6.4.8):
    - UMengUShare/Core
  - UMengUShare/Social/ReducedWeChat (6.4.8):
    - UMengUShare/Core
  - UMengUShare/Social/Sina (6.4.8):
    - UMengUShare/Core
    - UMengUShare/Social/ReducedSina
  - UMengUShare/Social/WeChat (6.4.8):
    - UMengUShare/Core
    - UMengUShare/Social/ReducedWeChat

DEPENDENCIES:
  - AFNetworking
  - MJExtension
  - MJRefresh
  - RongCloudIM/IMKit (~> 2.8.3)
  - RongCloudIM/IMLib (~> 2.8.3)
  - SDCycleScrollView
  - SDWebImage
  - SVProgressHUD
  - UMengUShare/Social/QQ
  - UMengUShare/Social/Sina
  - UMengUShare/Social/WeChat

SPEC CHECKSUMS:
  AFNetworking: 5e0e199f73d8626b11e79750991f5d173d1f8b67
  MJExtension: 5932755f451458eefa24239358817f8d291240c7
  MJRefresh: 5f8552bc25ca8751c010f621c1098dbdaacbccd6
  RongCloudIM: 0bdb03fd133dcdc03a12e505c23a838270dbeaee
  SDCycleScrollView: 884b88f0266dd4708a0e1934975c69cb971707b1
  SDWebImage: 89a9d32cd520bbb46eb14e541d5109b3564af198
  SVProgressHUD: 59b2d3dabacbd051576d21d32293ca7228dc18b0
  UMengUShare: 7a0ab762ccd445ccfcf11bde8e7f81b29b9f5e1c

PODFILE CHECKSUM: c741dbd1c362f54648ebfc83d5e87116e0d01c3c

COCOAPODS: 1.4.0.rc.1
